
Microsoft Visual Studio Solution File, Format Version 12.00
# Visual Studio Version 16
VisualStudioVersion = 16.0.30611.23
MinimumVisualStudioVersion = 10.0.40219.1
Project("{FAE04EC0-301F-11D3-BF4B-00C04F79EFBC}") = "CoreLogin", "CoreLogin.csproj", "{2AECD6B4-FA15-4FFC-AC17-E4FC3D2168C6}"
EndProject
Global
	GlobalSection(SolutionConfigurationPlatforms) = preSolution
		Debug|Any CPU = Debug|Any CPU
		Release|Any CPU = Release|Any CPU
	EndGlobalSection
	GlobalSection(ProjectConfigurationPlatforms) = postSolution
		{2AECD6B4-FA15-4FFC-AC17-E4FC3D2168C6}.Debug|Any CPU.ActiveCfg = Debug|Any CPU
		{2AECD6B4-FA15-4FFC-AC17-E4FC3D2168C6}.Debug|Any CPU.Build.0 = Debug|Any CPU
		{2AECD6B4-FA15-4FFC-AC17-E4FC3D2168C6}.Release|Any CPU.ActiveCfg = Release|Any CPU
		{2AECD6B4-FA15-4FFC-AC17-E4FC3D2168C6}.Release|Any CPU.Build.0 = Release|Any CPU
	EndGlobalSection
	GlobalSection(SolutionProperties) = preSolution
		HideSolutionNode = FALSE
	EndGlobalSection
	GlobalSection(ExtensibilityGlobals) = postSolution
		SolutionGuid = {8AE69189-3ABA-4634-946C-56D360C51103}
	EndGlobalSection
EndGlobal
